
Microsoft Visual Studio Solution File, Format Version 12.00
# Visual Studio Version 17
VisualStudioVersion = 17.3.32929.385
MinimumVisualStudioVersion = 10.0.40219.1
Project("{FAE04EC0-301F-11D3-BF4B-00C04F79EFBC}") = "lab2.4(graph)", "lab2.4(graph)\lab2.4(graph).csproj", "{06445BEC-ED13-435A-A625-9FCA7BAD5070}"
EndProject
Global
	GlobalSection(SolutionConfigurationPlatforms) = preSolution
		Debug|Any CPU = Debug|Any CPU
		Release|Any CPU = Release|Any CPU
	EndGlobalSection
	GlobalSection(ProjectConfigurationPlatforms) = postSolution
		{06445BEC-ED13-435A-A625-9FCA7BAD5070}.Debug|Any CPU.ActiveCfg = Debug|Any CPU
		{06445BEC-ED13-435A-A625-9FCA7BAD5070}.Debug|Any CPU.Build.0 = Debug|Any CPU
		{06445BEC-ED13-435A-A625-9FCA7BAD5070}.Release|Any CPU.ActiveCfg = Release|Any CPU
		{06445BEC-ED13-435A-A625-9FCA7BAD5070}.Release|Any CPU.Build.0 = Release|Any CPU
	EndGlobalSection
	GlobalSection(SolutionProperties) = preSolution
		HideSolutionNode = FALSE
	EndGlobalSection
	GlobalSection(ExtensibilityGlobals) = postSolution
		SolutionGuid = {9CC12E60-C43D-4045-80F0-B818BCC48257}
	EndGlobalSection
EndGlobal
